
Microsoft Visual Studio Solution File, Format Version 12.00
# Visual Studio Version 17
VisualStudioVersion = 17.1.32210.238
MinimumVisualStudioVersion = 10.0.40219.1
Project("{FAE04EC0-301F-11D3-BF4B-00C04F79EFBC}") = "modul4_1302204066", "modul4_1302204066\modul4_1302204066.csproj", "{D84F2C08-FD9F-4C9F-A597-890011AB2B22}"
EndProject
Global
	GlobalSection(SolutionConfigurationPlatforms) = preSolution
		Debug|Any CPU = Debug|Any CPU
		Release|Any CPU = Release|Any CPU
	EndGlobalSection
	GlobalSection(ProjectConfigurationPlatforms) = postSolution
		{D84F2C08-FD9F-4C9F-A597-890011AB2B22}.Debug|Any CPU.ActiveCfg = Debug|Any CPU
		{D84F2C08-FD9F-4C9F-A597-890011AB2B22}.Debug|Any CPU.Build.0 = Debug|Any CPU
		{D84F2C08-FD9F-4C9F-A597-890011AB2B22}.Release|Any CPU.ActiveCfg = Release|Any CPU
		{D84F2C08-FD9F-4C9F-A597-890011AB2B22}.Release|Any CPU.Build.0 = Release|Any CPU
	EndGlobalSection
	GlobalSection(SolutionProperties) = preSolution
		HideSolutionNode = FALSE
	EndGlobalSection
	GlobalSection(ExtensibilityGlobals) = postSolution
		SolutionGuid = {FEBF9453-268E-43B8-B591-9F1E8F370B9F}
	EndGlobalSection
EndGlobal
